{
  "name": "homecompass",
  "version": "0.1.0",
  "lockfileVersion": 3,
  "requires": true,
  "packages": {
    "": {
      "name": "homecompass",
      "version": "0.1.0",
      "license": "MIT",
      "dependencies": {},
      "devDependencies": {},
      "engines": {
        "node": ">=20.12.0"
      }
    }
  }
}
